
Microsoft Visual Studio Solution File, Format Version 12.00
# Visual Studio 2013
VisualStudioVersion = 12.0.30723.0
MinimumVisualStudioVersion = 10.0.40219.1
Project("{FAE04EC0-301F-11D3-BF4B-00C04F79EFBC}") = "AS2_exercises", "AS2_exercises\AS2_exercises.csproj", "{3DFC1366-B5B6-448F-AE97-3968491B3581}"
EndProject
Project("{FAE04EC0-301F-11D3-BF4B-00C04F79EFBC}") = "DemoExceptionA", "DemoExceptionA\DemoExceptionA.csproj", "{EAB4B641-F0E7-4375-B72E-099FE800C652}"
EndProject
Project("{FAE04EC0-301F-11D3-BF4B-00C04F79EFBC}") = "Sorting", "Sorting\Sorting.csproj", "{CD93DDBC-54F8-4253-9E08-88B5802C9F63}"
EndProject
Project("{FAE04EC0-301F-11D3-BF4B-00C04F79EFBC}") = "Search", "Search\Search.csproj", "{05B2A453-C749-446C-B63F-14D5AC25D9F2}"
EndProject
Project("{FAE04EC0-301F-11D3-BF4B-00C04F79EFBC}") = "RomanNumConversion", "ConsoleApplication1\RomanNumConversion.csproj", "{DC7E1F4F-7054-40D2-B7B1-1E14A1A48464}"
EndProject
Project("{FAE04EC0-301F-11D3-BF4B-00C04F79EFBC}") = "Phonebook", "Phonebook\Phonebook.csproj", "{58A98F3C-4FFD-42A2-A2BE-2D4F1AE30043}"
EndProject
Global
	GlobalSection(SolutionConfigurationPlatforms) = preSolution
		Debug|Any CPU = Debug|Any CPU
		Debug|Mixed Platforms = Debug|Mixed Platforms
		Debug|x86 = Debug|x86
		Release|Any CPU = Release|Any CPU
		Release|Mixed Platforms = Release|Mixed Platforms
		Release|x86 = Release|x86
	EndGlobalSection
	GlobalSection(ProjectConfigurationPlatforms) = postSolution
		{3DFC1366-B5B6-448F-AE97-3968491B3581}.Debug|Any CPU.ActiveCfg = Debug|Any CPU
		{3DFC1366-B5B6-448F-AE97-3968491B3581}.Debug|Any CPU.Build.0 = Debug|Any CPU
		{3DFC1366-B5B6-448F-AE97-3968491B3581}.Debug|Mixed Platforms.ActiveCfg = Debug|Any CPU
		{3DFC1366-B5B6-448F-AE97-3968491B3581}.Debug|Mixed Platforms.Build.0 = Debug|Any CPU
		{3DFC1366-B5B6-448F-AE97-3968491B3581}.Debug|x86.ActiveCfg = Debug|Any CPU
		{3DFC1366-B5B6-448F-AE97-3968491B3581}.Release|Any CPU.ActiveCfg = Release|Any CPU
		{3DFC1366-B5B6-448F-AE97-3968491B3581}.Release|Any CPU.Build.0 = Release|Any CPU
		{3DFC1366-B5B6-448F-AE97-3968491B3581}.Release|Mixed Platforms.ActiveCfg = Release|Any CPU
		{3DFC1366-B5B6-448F-AE97-3968491B3581}.Release|Mixed Platforms.Build.0 = Release|Any CPU
		{3DFC1366-B5B6-448F-AE97-3968491B3581}.Release|x86.ActiveCfg = Release|Any CPU
		{EAB4B641-F0E7-4375-B72E-099FE800C652}.Debug|Any CPU.ActiveCfg = Debug|x86
		{EAB4B641-F0E7-4375-B72E-099FE800C652}.Debug|Mixed Platforms.ActiveCfg = Debug|x86
		{EAB4B641-F0E7-4375-B72E-099FE800C652}.Debug|Mixed Platforms.Build.0 = Debug|x86
		{EAB4B641-F0E7-4375-B72E-099FE800C652}.Debug|x86.ActiveCfg = Debug|x86
		{EAB4B641-F0E7-4375-B72E-099FE800C652}.Debug|x86.Build.0 = Debug|x86
		{EAB4B641-F0E7-4375-B72E-099FE800C652}.Release|Any CPU.ActiveCfg = Release|x86
		{EAB4B641-F0E7-4375-B72E-099FE800C652}.Release|Mixed Platforms.ActiveCfg = Release|x86
		{EAB4B641-F0E7-4375-B72E-099FE800C652}.Release|Mixed Platforms.Build.0 = Release|x86
		{EAB4B641-F0E7-4375-B72E-099FE800C652}.Release|x86.ActiveCfg = Release|x86
		{EAB4B641-F0E7-4375-B72E-099FE800C652}.Release|x86.Build.0 = Release|x86
		{CD93DDBC-54F8-4253-9E08-88B5802C9F63}.Debug|Any CPU.ActiveCfg = Debug|Any CPU
		{CD93DDBC-54F8-4253-9E08-88B5802C9F63}.Debug|Any CPU.Build.0 = Debug|Any CPU
		{CD93DDBC-54F8-4253-9E08-88B5802C9F63}.Debug|Mixed Platforms.ActiveCfg = Debug|Any CPU
		{CD93DDBC-54F8-4253-9E08-88B5802C9F63}.Debug|Mixed Platforms.Build.0 = Debug|Any CPU
		{CD93DDBC-54F8-4253-9E08-88B5802C9F63}.Debug|x86.ActiveCfg = Debug|Any CPU
		{CD93DDBC-54F8-4253-9E08-88B5802C9F63}.Release|Any CPU.ActiveCfg = Release|Any CPU
		{CD93DDBC-54F8-4253-9E08-88B5802C9F63}.Release|Any CPU.Build.0 = Release|Any CPU
		{CD93DDBC-54F8-4253-9E08-88B5802C9F63}.Release|Mixed Platforms.ActiveCfg = Release|Any CPU
		{CD93DDBC-54F8-4253-9E08-88B5802C9F63}.Release|Mixed Platforms.Build.0 = Release|Any CPU
		{CD93DDBC-54F8-4253-9E08-88B5802C9F63}.Release|x86.ActiveCfg = Release|Any CPU
		{05B2A453-C749-446C-B63F-14D5AC25D9F2}.Debug|Any CPU.ActiveCfg = Debug|Any CPU
		{05B2A453-C749-446C-B63F-14D5AC25D9F2}.Debug|Any CPU.Build.0 = Debug|Any CPU
		{05B2A453-C749-446C-B63F-14D5AC25D9F2}.Debug|Mixed Platforms.ActiveCfg = Debug|Any CPU
		{05B2A453-C749-446C-B63F-14D5AC25D9F2}.Debug|Mixed Platforms.Build.0 = Debug|Any CPU
		{05B2A453-C749-446C-B63F-14D5AC25D9F2}.Debug|x86.ActiveCfg = Debug|Any CPU
		{05B2A453-C749-446C-B63F-14D5AC25D9F2}.Release|Any CPU.ActiveCfg = Release|Any CPU
		{05B2A453-C749-446C-B63F-14D5AC25D9F2}.Release|Any CPU.Build.0 = Release|Any CPU
		{05B2A453-C749-446C-B63F-14D5AC25D9F2}.Release|Mixed Platforms.ActiveCfg = Release|Any CPU
		{05B2A453-C749-446C-B63F-14D5AC25D9F2}.Release|Mixed Platforms.Build.0 = Release|Any CPU
		{05B2A453-C749-446C-B63F-14D5AC25D9F2}.Release|x86.ActiveCfg = Release|Any CPU
		{DC7E1F4F-7054-40D2-B7B1-1E14A1A48464}.Debug|Any CPU.ActiveCfg = Debug|Any CPU
		{DC7E1F4F-7054-40D2-B7B1-1E14A1A48464}.Debug|Any CPU.Build.0 = Debug|Any CPU
		{DC7E1F4F-7054-40D2-B7B1-1E14A1A48464}.Debug|Mixed Platforms.ActiveCfg = Debug|Any CPU
		{DC7E1F4F-7054-40D2-B7B1-1E14A1A48464}.Debug|Mixed Platforms.Build.0 = Debug|Any CPU
		{DC7E1F4F-7054-40D2-B7B1-1E14A1A48464}.Debug|x86.ActiveCfg = Debug|Any CPU
		{DC7E1F4F-7054-40D2-B7B1-1E14A1A48464}.Release|Any CPU.ActiveCfg = Release|Any CPU
		{DC7E1F4F-7054-40D2-B7B1-1E14A1A48464}.Release|Any CPU.Build.0 = Release|Any CPU
		{DC7E1F4F-7054-40D2-B7B1-1E14A1A48464}.Release|Mixed Platforms.ActiveCfg = Release|Any CPU
		{DC7E1F4F-7054-40D2-B7B1-1E14A1A48464}.Release|Mixed Platforms.Build.0 = Release|Any CPU
		{DC7E1F4F-7054-40D2-B7B1-1E14A1A48464}.Release|x86.ActiveCfg = Release|Any CPU
		{58A98F3C-4FFD-42A2-A2BE-2D4F1AE30043}.Debug|Any CPU.ActiveCfg = Debug|Any CPU
		{58A98F3C-4FFD-42A2-A2BE-2D4F1AE30043}.Debug|Any CPU.Build.0 = Debug|Any CPU
		{58A98F3C-4FFD-42A2-A2BE-2D4F1AE30043}.Debug|Mixed Platforms.ActiveCfg = Debug|Any CPU
		{58A98F3C-4FFD-42A2-A2BE-2D4F1AE30043}.Debug|Mixed Platforms.Build.0 = Debug|Any CPU
		{58A98F3C-4FFD-42A2-A2BE-2D4F1AE30043}.Debug|x86.ActiveCfg = Debug|Any CPU
		{58A98F3C-4FFD-42A2-A2BE-2D4F1AE30043}.Release|Any CPU.ActiveCfg = Release|Any CPU
		{58A98F3C-4FFD-42A2-A2BE-2D4F1AE30043}.Release|Any CPU.Build.0 = Release|Any CPU
		{58A98F3C-4FFD-42A2-A2BE-2D4F1AE30043}.Release|Mixed Platforms.ActiveCfg = Release|Any CPU
		{58A98F3C-4FFD-42A2-A2BE-2D4F1AE30043}.Release|Mixed Platforms.Build.0 = Release|Any CPU
		{58A98F3C-4FFD-42A2-A2BE-2D4F1AE30043}.Release|x86.ActiveCfg = Release|Any CPU
	EndGlobalSection
	GlobalSection(SolutionProperties) = preSolution
		HideSolutionNode = FALSE
	EndGlobalSection
EndGlobal
